// !$*UTF8*$!
{
	archiveVersion = 1;
	classes = {
	};
	objectVersion = 56;
	objects = {

/* Begin PBXBuildFile section */
		000DDC452980E4C800135F8C /* AppDelegate.swift in Sources */ = {isa = PBXBuildFile; fileRef = 000DDC442980E4C800135F8C /* AppDelegate.swift */; };
		000DDC472980E4C800135F8C /* SceneDelegate.swift in Sources */ = {isa = PBXBuildFile; fileRef = 000DDC462980E4C800135F8C /* SceneDelegate.swift */; };
		000DDC492980E4C800135F8C /* ViewController.swift in Sources */ = {isa = PBXBuildFile; fileRef = 000DDC482980E4C800135F8C /* ViewController.swift */; };
		000DDC4C2980E4C800135F8C /* Main.storyboard in Resources */ = {isa = PBXBuildFile; fileRef = 000DDC4A2980E4C800135F8C /* Main.storyboard */; };
		000DDC4E2980E4C900135F8C /* Assets.xcassets in Resources */ = {isa = PBXBuildFile; fileRef = 000DDC4D2980E4C900135F8C /* Assets.xcassets */; };
		000DDC512980E4C900135F8C /* LaunchScreen.storyboard in Resources */ = {isa = PBXBuildFile; fileRef = 000DDC4F2980E4C900135F8C /* LaunchScreen.storyboard */; };
		000DDC5C2980E4C900135F8C /* HeartRateTests.swift in Sources */ = {isa = PBXBuildFile; fileRef = 000DDC5B2980E4C900135F8C /* HeartRateTests.swift */; };
		000DDC662980E4C900135F8C /* HeartRateUITests.swift in Sources */ = {isa = PBXBuildFile; fileRef = 000DDC652980E4C900135F8C /* HeartRateUITests.swift */; };
		000DDC682980E4C900135F8C /* HeartRateUITestsLaunchTests.swift in Sources */ = {isa = PBXBuildFile; fileRef = 000DDC672980E4C900135F8C /* HeartRateUITestsLaunchTests.swift */; };
/* End PBXBuildFile section */

/* Begin PBXContainerItemProxy section */
		000DDC582980E4C900135F8C /* PBXContainerItemProxy */ = {
			isa = PBXContainerItemProxy;
			containerPortal = 000DDC392980E4C800135F8C /* Project object */;
			proxyType = 1;
			remoteGlobalIDString = 000DDC402980E4C800135F8C;
			remoteInfo = HeartRate;
		};
		000DDC622980E4C900135F8C /* PBXContainerItemProxy */ = {
			isa = PBXContainerItemProxy;
			containerPortal = 000DDC392980E4C800135F8C /* Project object */;
			proxyType = 1;
			remoteGlobalIDString = 000DDC402980E4C800135F8C;
			remoteInfo = HeartRate;
		};
/* End PBXContainerItemProxy section */

/* Begin PBXFileReference section */
		000DDC412980E4C800135F8C /* HeartRate.app */ = {isa = PBXFileReference; explicitFileType = wrapper.application; includeInIndex = 0; path = HeartRate.app; sourceTree = BUILT_PRODUCTS_DIR; };
		000DDC442980E4C800135F8C /* AppDelegate.swift */ = {isa = PBXFileReference; lastKnownFileType = sourcecode.swift; path = AppDelegate.swift; sourceTree = "<group>"; };
		000DDC462980E4C800135F8C /* SceneDelegate.swift */ = {isa = PBXFileReference; lastKnownFileType = sourcecode.swift; path = SceneDelegate.swift; sourceTree = "<group>"; };
		000DDC482980E4C800135F8C /* ViewController.swift */ = {isa = PBXFileReference; lastKnownFileType = sourcecode.swift; path = ViewController.swift; sourceTree = "<group>"; };
		000DDC4B2980E4C800135F8C /* Base */ = {isa = PBXFileReference; lastKnownFileType = file.storyboard; name = Base; path = Base.lproj/Main.storyboard; sourceTree = "<group>"; };
		000DDC4D2980E4C900135F8C /* Assets.xcassets */ = {isa = PBXFileReference; lastKnownFileType = folder.assetcatalog; path = Assets.xcassets; sourceTree = "<group>"; };
		000DDC502980E4C900135F8C /* Base */ = {isa = PBXFileReference; lastKnownFileType = file.storyboard; name = Base; path = Base.lproj/LaunchScreen.storyboard; sourceTree = "<group>"; };
		000DDC522980E4C900135F8C /* Info.plist */ = {isa = PBXFileReference; lastKnownFileType = text.plist.xml; path = Info.plist; sourceTree = "<group>"; };
		000DDC572980E4C900135F8C /* HeartRateTests.xctest */ = {isa = PBXFileReference; explicitFileType = wrapper.cfbundle; includeInIndex = 0; path = HeartRateTests.xctest; sourceTree = BUILT_PRODUCTS_DIR; };
		000DDC5B2980E4C900135F8C /* HeartRateTests.swift */ = {isa = PBXFileReference; lastKnownFileType = sourcecode.swift; path = HeartRateTests.swift; sourceTree = "<group>"; };
		000DDC612980E4C900135F8C /* HeartRateUITests.xctest */ = {isa = PBXFileReference; explicitFileType = wrapper.cfbundle; includeInIndex = 0; path = HeartRateUITests.xctest; sourceTree = BUILT_PRODUCTS_DIR; };
		000DDC652980E4C900135F8C /* HeartRateUITests.swift */ = {isa = PBXFileReference; lastKnownFileType = sourcecode.swift; path = HeartRateUITests.swift; sourceTree = "<group>"; };
		000DDC672980E4C900135F8C /* HeartRateUITestsLaunchTests.swift */ = {isa = PBXFileReference; lastKnownFileType = sourcecode.swift; path = HeartRateUITestsLaunchTests.swift; sourceTree = "<group>"; };
/* End PBXFileReference section */

/* Begin PBXFrameworksBuildPhase section */
		000DDC3E2980E4C800135F8C /* Frameworks */ = {
			isa = PBXFrameworksBuildPhase;
			buildActionMask = 2147483647;
			files = (
			);
			runOnlyForDeploymentPostprocessing = 0;
		};
		000DDC542980E4C900135F8C /* Frameworks */ = {
			isa = PBXFrameworksBuildPhase;
			buildActionMask = 2147483647;
			files = (
			);
			runOnlyForDeploymentPostprocessing = 0;
		};
		000DDC5E2980E4C900135F8C /* Frameworks */ = {
			isa = PBXFrameworksBuildPhase;
			buildActionMask = 2147483647;
			files = (
			);
			runOnlyForDeploymentPostprocessing = 0;
		};
/* End PBXFrameworksBuildPhase section */

/* Begin PBXGroup section */
		000DDC382980E4C800135F8C = {
			isa = PBXGroup;
			children = (
				000DDC432980E4C800135F8C /* HeartRate */,
				000DDC5A2980E4C900135F8C /* HeartRateTests */,
				000DDC642980E4C900135F8C /* HeartRateUITests */,
				000DDC422980E4C800135F8C /* Products */,
			);
			sourceTree = "<group>";
		};
		000DDC422980E4C800135F8C /* Products */ = {
			isa = PBXGroup;
			children = (
				000DDC412980E4C800135F8C /* HeartRate.app */,
				000DDC572980E4C900135F8C /* HeartRateTests.xctest */,
				000DDC612980E4C900135F8C /* HeartRateUITests.xctest */,
			);
			name = Products;
			sourceTree = "<group>";
		};
		000DDC432980E4C800135F8C /* HeartRate */ = {
			isa = PBXGroup;
			children = (
				000DDC442980E4C800135F8C /* AppDelegate.swift */,
				000DDC462980E4C800135F8C /* SceneDelegate.swift */,
				000DDC482980E4C800135F8C /* ViewController.swift */,
				000DDC4A2980E4C800135F8C /* Main.storyboard */,
				000DDC4D2980E4C900135F8C /* Assets.xcassets */,
				000DDC4F2980E4C900135F8C /* LaunchScreen.storyboard */,
				000DDC522980E4C900135F8C /* Info.plist */,
			);
			path = HeartRate;
			sourceTree = "<group>";
		};
		000DDC5A2980E4C900135F8C /* HeartRateTests */ = {
			isa = PBXGroup;
			children = (
				000DDC5B2980E4C900135F8C /* HeartRateTests.swift */,
			);
			path = HeartRateTests;
			sourceTree = "<group>";
		};
		000DDC642980E4C900135F8C /* HeartRateUITests */ = {
			isa = PBXGroup;
			children = (
				000DDC652980E4C900135F8C /* HeartRateUITests.swift */,
				000DDC672980E4C900135F8C /* HeartRateUITestsLaunchTests.swift */,
			);
			path = HeartRateUITests;
			sourceTree = "<group>";
		};
/* End PBXGroup section */

/* Begin PBXNativeTarget section */
		000DDC402980E4C800135F8C /* HeartRate */ = {
			isa = PBXNativeTarget;
			buildConfigurationList = 000DDC6B2980E4C900135F8C /* Build configuration list for PBXNativeTarget "HeartRate" */;
			buildPhases = (
				000DDC3D2980E4C800135F8C /* Sources */,
				000DDC3E2980E4C800135F8C /* Frameworks */,
				000DDC3F2980E4C800135F8C /* Resources */,
			);
			buildRules = (
			);
			dependencies = (
			);
			name = HeartRate;
			productName = HeartRate;
			productReference = 000DDC412980E4C800135F8C /* HeartRate.app */;
			productType = "com.apple.product-type.application";
		};
		000DDC562980E4C900135F8C /* HeartRateTests */ = {
			isa = PBXNativeTarget;
			buildConfigurationList = 000DDC6E2980E4C900135F8C /* Build configuration list for PBXNativeTarget "HeartRateTests" */;
			buildPhases = (
				000DDC532980E4C900135F8C /* Sources */,
				000DDC542980E4C900135F8C /* Frameworks */,
				000DDC552980E4C900135F8C /* Resources */,
			);
			buildRules = (
			);
			dependencies = (
				000DDC592980E4C900135F8C /* PBXTargetDependency */,
			);
			name = HeartRateTests;
			productName = HeartRateTests;
			productReference = 000DDC572980E4C900135F8C /* HeartRateTests.xctest */;
			productType = "com.apple.product-type.bundle.unit-test";
		};
		000DDC602980E4C900135F8C /* HeartRateUITests */ = {
			isa = PBXNativeTarget;
			buildConfigurationList = 000DDC712980E4C900135F8C /* Build configuration list for PBXNativeTarget "HeartRateUITests" */;
			buildPhases = (
				000DDC5D2980E4C900135F8C /* Sources */,
				000DDC5E2980E4C900135F8C /* Frameworks */,
				000DDC5F2980E4C900135F8C /* Resources */,
			);
			buildRules = (
			);
			dependencies = (
				000DDC632980E4C900135F8C /* PBXTargetDependency */,
			);
			name = HeartRateUITests;
			productName = HeartRateUITests;
			productReference = 000DDC612980E4C900135F8C /* HeartRateUITests.xctest */;
			productType = "com.apple.product-type.bundle.ui-testing";
		};
/* End PBXNativeTarget section */

/* Begin PBXProject section */
		000DDC392980E4C800135F8C /* Project object */ = {
			isa = PBXProject;
			attributes = {
				BuildIndependentTargetsInParallel = 1;
				LastSwiftUpdateCheck = 1420;
				LastUpgradeCheck = 1420;
				TargetAttributes = {
					000DDC402980E4C800135F8C = {
						CreatedOnToolsVersion = 14.2;
					};
					000DDC562980E4C900135F8C = {
						CreatedOnToolsVersion = 14.2;
						TestTargetID = 000DDC402980E4C800135F8C;
					};
					000DDC602980E4C900135F8C = {
						CreatedOnToolsVersion = 14.2;
						TestTargetID = 000DDC402980E4C800135F8C;
					};
				};
			};
			buildConfigurationList = 000DDC3C2980E4C800135F8C /* Build configuration list for PBXProject "HeartRate" */;
			compatibilityVersion = "Xcode 14.0";
			developmentRegion = en;
			hasScannedForEncodings = 0;
			knownRegions = (
				en,
				Base,
			);
			mainGroup = 000DDC382980E4C800135F8C;
			productRefGroup = 000DDC422980E4C800135F8C /* Products */;
			projectDirPath = "";
			projectRoot = "";
			targets = (
				000DDC402980E4C800135F8C /* HeartRate */,
				000DDC562980E4C900135F8C /* HeartRateTests */,
				000DDC602980E4C900135F8C /* HeartRateUITests */,
			);
		};
/* End PBXProject section */

/* Begin PBXResourcesBuildPhase section */
		000DDC3F2980E4C800135F8C /* Resources */ = {
			isa = PBXResourcesBuildPhase;
			buildActionMask = 2147483647;
			files = (
				000DDC512980E4C900135F8C /* LaunchScreen.storyboard in Resources */,
				000DDC4E2980E4C900135F8C /* Assets.xcassets in Resources */,
				000DDC4C2980E4C800135F8C /* Main.storyboard in Resources */,
			);
			runOnlyForDeploymentPostprocessing = 0;
		};
		000DDC552980E4C900135F8C /* Resources */ = {
			isa = PBXResourcesBuildPhase;
			buildActionMask = 2147483647;
			files = (
			);
			runOnlyForDeploymentPostprocessing = 0;
		};
		000DDC5F2980E4C900135F8C /* Resources */ = {
			isa = PBXResourcesBuildPhase;
			buildActionMask = 2147483647;
			files = (
			);
			runOnlyForDeploymentPostprocessing = 0;
		};
/* End PBXResourcesBuildPhase section */

/* Begin PBXSourcesBuildPhase section */
		000DDC3D2980E4C800135F8C /* Sources */ = {
			isa = PBXSourcesBuildPhase;
			buildActionMask = 2147483647;
			files = (
				000DDC492980E4C800135F8C /* ViewController.swift in Sources */,
				000DDC452980E4C800135F8C /* AppDelegate.swift in Sources */,
				000DDC472980E4C800135F8C /* SceneDelegate.swift in Sources */,
			);
			runOnlyForDeploymentPostprocessing = 0;
		};
		000DDC532980E4C900135F8C /* Sources */ = {
			isa = PBXSourcesBuildPhase;
			buildActionMask = 2147483647;
			files = (
				000DDC5C2980E4C900135F8C /* HeartRateTests.swift in Sources */,
			);
			runOnlyForDeploymentPostprocessing = 0;
		};
		000DDC5D2980E4C900135F8C /* Sources */ = {
			isa = PBXSourcesBuildPhase;
			buildActionMask = 2147483647;
			files = (
				000DDC662980E4C900135F8C /* HeartRateUITests.swift in Sources */,
				000DDC682980E4C900135F8C /* HeartRateUITestsLaunchTests.swift in Sources */,
			);
			runOnlyForDeploymentPostprocessing = 0;
		};
/* End PBXSourcesBuildPhase section */

/* Begin PBXTargetDependency section */
		000DDC592980E4C900135F8C /* PBXTargetDependency */ = {
			isa = PBXTargetDependency;
			target = 000DDC402980E4C800135F8C /* HeartRate */;
			targetProxy = 000DDC582980E4C900135F8C /* PBXContainerItemProxy */;
		};
		000DDC632980E4C900135F8C /* PBXTargetDependency */ = {
			isa = PBXTargetDependency;
			target = 000DDC402980E4C800135F8C /* HeartRate */;
			targetProxy = 000DDC622980E4C900135F8C /* PBXContainerItemProxy */;
		};
/* End PBXTargetDependency section */

/* Begin PBXVariantGroup section */
		000DDC4A2980E4C800135F8C /* Main.storyboard */ = {
			isa = PBXVariantGroup;
			children = (
				000DDC4B2980E4C800135F8C /* Base */,
			);
			name = Main.storyboard;
			sourceTree = "<group>";
		};
		000DDC4F2980E4C900135F8C /* LaunchScreen.storyboard */ = {
			isa = PBXVariantGroup;
			children = (
				000DDC502980E4C900135F8C /* Base */,
			);
			name = LaunchScreen.storyboard;
			sourceTree = "<group>";
		};
/* End PBXVariantGroup section */

/* Begin XCBuildConfiguration section */
		000DDC692980E4C900135F8C /* Debug */ = {
			isa = XCBuildConfiguration;
			buildSettings = {
				ALWAYS_SEARCH_USER_PATHS = NO;
				CLANG_ANALYZER_NONNULL = YES;
				CLANG_ANALYZER_NUMBER_OBJECT_CONVERSION = YES_AGGRESSIVE;
				CLANG_CXX_LANGUAGE_STANDARD = "gnu++20";
				CLANG_ENABLE_MODULES = YES;
				CLANG_ENABLE_OBJC_ARC = YES;
				CLANG_ENABLE_OBJC_WEAK = YES;
				CLANG_WARN_BLOCK_CAPTURE_AUTORELEASING = YES;
				CLANG_WARN_BOOL_CONVERSION = YES;
				CLANG_WARN_COMMA = YES;
				CLANG_WARN_CONSTANT_CONVERSION = YES;
				CLANG_WARN_DEPRECATED_OBJC_IMPLEMENTATIONS = YES;
				CLANG_WARN_DIRECT_OBJC_ISA_USAGE = YES_ERROR;
				CLANG_WARN_DOCUMENTATION_COMMENTS = YES;
				CLANG_WARN_EMPTY_BODY = YES;
				CLANG_WARN_ENUM_CONVERSION = YES;
				CLANG_WARN_INFINITE_RECURSION = YES;
				CLANG_WARN_INT_CONVERSION = YES;
				CLANG_WARN_NON_LITERAL_NULL_CONVERSION = YES;
				CLANG_WARN_OBJC_IMPLICIT_RETAIN_SELF = YES;
				CLANG_WARN_OBJC_LITERAL_CONVERSION = YES;
				CLANG_WARN_OBJC_ROOT_CLASS = YES_ERROR;
				CLANG_WARN_QUOTED_INCLUDE_IN_FRAMEWORK_HEADER = YES;
				CLANG_WARN_RANGE_LOOP_ANALYSIS = YES;
				CLANG_WARN_STRICT_PROTOTYPES = YES;
				CLANG_WARN_SUSPICIOUS_MOVE = YES;
				CLANG_WARN_UNGUARDED_AVAILABILITY = YES_AGGRESSIVE;
				CLANG_WARN_UNREACHABLE_CODE = YES;
				CLANG_WARN__DUPLICATE_METHOD_MATCH = YES;
				COPY_PHASE_STRIP = NO;
				DEBUG_INFORMATION_FORMAT = dwarf;
				ENABLE_STRICT_OBJC_MSGSEND = YES;
				ENABLE_TESTABILITY = YES;
				GCC_C_LANGUAGE_STANDARD = gnu11;
				GCC_DYNAMIC_NO_PIC = NO;
				GCC_NO_COMMON_BLOCKS = YES;
				GCC_OPTIMIZATION_LEVEL = 0;
				GCC_PREPROCESSOR_DEFINITIONS = (
					"DEBUG=1",
					"$(inherited)",
				);
				GCC_WARN_64_TO_32_BIT_CONVERSION = YES;
				GCC_WARN_ABOUT_RETURN_TYPE = YES_ERROR;
				GCC_WARN_UNDECLARED_SELECTOR = YES;
				GCC_WARN_UNINITIALIZED_AUTOS = YES_AGGRESSIVE;
				GCC_WARN_UNUSED_FUNCTION = YES;
				GCC_WARN_UNUSED_VARIABLE = YES;
				IPHONEOS_DEPLOYMENT_TARGET = 16.2;
				MTL_ENABLE_DEBUG_INFO = INCLUDE_SOURCE;
				MTL_FAST_MATH = YES;
				ONLY_ACTIVE_ARCH = YES;
				SDKROOT = iphoneos;
				SWIFT_ACTIVE_COMPILATION_CONDITIONS = DEBUG;
				SWIFT_OPTIMIZATION_LEVEL = "-Onone";
			};
			name = Debug;
		};
		000DDC6A2980E4C900135F8C /* Release */ = {
			isa = XCBuildConfiguration;
			buildSettings = {
				ALWAYS_SEARCH_USER_PATHS = NO;
				CLANG_ANALYZER_NONNULL = YES;
				CLANG_ANALYZER_NUMBER_OBJECT_CONVERSION = YES_AGGRESSIVE;
				CLANG_CXX_LANGUAGE_STANDARD = "gnu++20";
				CLANG_ENABLE_MODULES = YES;
				CLANG_ENABLE_OBJC_ARC = YES;
				CLANG_ENABLE_OBJC_WEAK = YES;
				CLANG_WARN_BLOCK_CAPTURE_AUTORELEASING = YES;
				CLANG_WARN_BOOL_CONVERSION = YES;
				CLANG_WARN_COMMA = YES;
				CLANG_WARN_CONSTANT_CONVERSION = YES;
				CLANG_WARN_DEPRECATED_OBJC_IMPLEMENTATIONS = YES;
				CLANG_WARN_DIRECT_OBJC_ISA_USAGE = YES_ERROR;
				CLANG_WARN_DOCUMENTATION_COMMENTS = YES;
				CLANG_WARN_EMPTY_BODY = YES;
				CLANG_WARN_ENUM_CONVERSION = YES;
				CLANG_WARN_INFINITE_RECURSION = YES;
				CLANG_WARN_INT_CONVERSION = YES;
				CLANG_WARN_NON_LITERAL_NULL_CONVERSION = YES;
				CLANG_WARN_OBJC_IMPLICIT_RETAIN_SELF = YES;
				CLANG_WARN_OBJC_LITERAL_CONVERSION = YES;
				CLANG_WARN_OBJC_ROOT_CLASS = YES_ERROR;
				CLANG_WARN_QUOTED_INCLUDE_IN_FRAMEWORK_HEADER = YES;
				CLANG_WARN_RANGE_LOOP_ANALYSIS = YES;
				CLANG_WARN_STRICT_PROTOTYPES = YES;
				CLANG_WARN_SUSPICIOUS_MOVE = YES;
				CLANG_WARN_UNGUARDED_AVAILABILITY = YES_AGGRESSIVE;
				CLANG_WARN_UNREACHABLE_CODE = YES;
				CLANG_WARN__DUPLICATE_METHOD_MATCH = YES;
				COPY_PHASE_STRIP = NO;
				DEBUG_INFORMATION_FORMAT = "dwarf-with-dsym";
				ENABLE_NS_ASSERTIONS = NO;
				ENABLE_STRICT_OBJC_MSGSEND = YES;
				GCC_C_LANGUAGE_STANDARD = gnu11;
				GCC_NO_COMMON_BLOCKS = YES;
				GCC_WARN_64_TO_32_BIT_CONVERSION = YES;
				GCC_WARN_ABOUT_RETURN_TYPE = YES_ERROR;
				GCC_WARN_UNDECLARED_SELECTOR = YES;
				GCC_WARN_UNINITIALIZED_AUTOS = YES_AGGRESSIVE;
				GCC_WARN_UNUSED_FUNCTION = YES;
				GCC_WARN_UNUSED_VARIABLE = YES;
				IPHONEOS_DEPLOYMENT_TARGET = 16.2;
				MTL_ENABLE_DEBUG_INFO = NO;
				MTL_FAST_MATH = YES;
				SDKROOT = iphoneos;
				SWIFT_COMPILATION_MODE = wholemodule;
				SWIFT_OPTIMIZATION_LEVEL = "-O";
				VALIDATE_PRODUCT = YES;
			};
			name = Release;
		};
		000DDC6C2980E4C900135F8C /* Debug */ = {
			isa = XCBuildConfiguration;
			buildSettings = {
				ASSETCATALOG_COMPILER_APPICON_NAME = AppIcon;
				ASSETCATALOG_COMPILER_GLOBAL_ACCENT_COLOR_NAME = AccentColor;
				CODE_SIGN_STYLE = Automatic;
				CURRENT_PROJECT_VERSION = 1;
				GENERATE_INFOPLIST_FILE = YES;
				INFOPLIST_FILE = HeartRate/Info.plist;
				INFOPLIST_KEY_UIApplicationSupportsIndirectInputEvents = YES;
				INFOPLIST_KEY_UILaunchStoryboardName = LaunchScreen;
				INFOPLIST_KEY_UIMainStoryboardFile = Main;
				INFOPLIST_KEY_UISupportedInterfaceOrientations_iPad = "UIInterfaceOrientationPortrait UIInterfaceOrientationPortraitUpsideDown UIInterfaceOrientationLandscapeLeft UIInterfaceOrientationLandscapeRight";
				INFOPLIST_KEY_UISupportedInterfaceOrientations_iPhone = "UIInterfaceOrientationPortrait UIInterfaceOrientationLandscapeLeft UIInterfaceOrientationLandscapeRight";
				LD_RUNPATH_SEARCH_PATHS = (
					"$(inherited)",
					"@executable_path/Frameworks",
				);
				MARKETING_VERSION = 1.0;
				PRODUCT_BUNDLE_IDENTIFIER = com.Sample.HeartRate;
				PRODUCT_NAME = "$(TARGET_NAME)";
				SWIFT_EMIT_LOC_STRINGS = YES;
				SWIFT_VERSION = 5.0;
				TARGETED_DEVICE_FAMILY = "1,2";
			};
			name = Debug;
		};
		000DDC6D2980E4C900135F8C /* Release */ = {
			isa = XCBuildConfiguration;
			buildSettings = {
				ASSETCATALOG_COMPILER_APPICON_NAME = AppIcon;
				ASSETCATALOG_COMPILER_GLOBAL_ACCENT_COLOR_NAME = AccentColor;
				CODE_SIGN_STYLE = Automatic;
				CURRENT_PROJECT_VERSION = 1;
				GENERATE_INFOPLIST_FILE = YES;
				INFOPLIST_FILE = HeartRate/Info.plist;
				INFOPLIST_KEY_UIApplicationSupportsIndirectInputEvents = YES;
				INFOPLIST_KEY_UILaunchStoryboardName = LaunchScreen;
				INFOPLIST_KEY_UIMainStoryboardFile = Main;
				INFOPLIST_KEY_UISupportedInterfaceOrientations_iPad = "UIInterfaceOrientationPortrait UIInterfaceOrientationPortraitUpsideDown UIInterfaceOrientationLandscapeLeft UIInterfaceOrientationLandscapeRight";
				INFOPLIST_KEY_UISupportedInterfaceOrientations_iPhone = "UIInterfaceOrientationPortrait UIInterfaceOrientationLandscapeLeft UIInterfaceOrientationLandscapeRight";
				LD_RUNPATH_SEARCH_PATHS = (
					"$(inherited)",
					"@executable_path/Frameworks",
				);
				MARKETING_VERSION = 1.0;
				PRODUCT_BUNDLE_IDENTIFIER = com.Sample.HeartRate;
				PRODUCT_NAME = "$(TARGET_NAME)";
				SWIFT_EMIT_LOC_STRINGS = YES;
				SWIFT_VERSION = 5.0;
				TARGETED_DEVICE_FAMILY = "1,2";
			};
			name = Release;
		};
		000DDC6F2980E4C900135F8C /* Debug */ = {
			isa = XCBuildConfiguration;
			buildSettings = {
				ALWAYS_EMBED_SWIFT_STANDARD_LIBRARIES = YES;
				BUNDLE_LOADER = "$(TEST_HOST)";
				CODE_SIGN_STYLE = Automatic;
				CURRENT_PROJECT_VERSION = 1;
				GENERATE_INFOPLIST_FILE = YES;
				IPHONEOS_DEPLOYMENT_TARGET = 16.2;
				MARKETING_VERSION = 1.0;
				PRODUCT_BUNDLE_IDENTIFIER = com.Sample.HeartRateTests;
				PRODUCT_NAME = "$(TARGET_NAME)";
				SWIFT_EMIT_LOC_STRINGS = NO;
				SWIFT_VERSION = 5.0;
				TARGETED_DEVICE_FAMILY = "1,2";
				TEST_HOST = "$(BUILT_PRODUCTS_DIR)/HeartRate.app/$(BUNDLE_EXECUTABLE_FOLDER_PATH)/HeartRate";
			};
			name = Debug;
		};
		000DDC702980E4C900135F8C /* Release */ = {
			isa = XCBuildConfiguration;
			buildSettings = {
				ALWAYS_EMBED_SWIFT_STANDARD_LIBRARIES = YES;
				BUNDLE_LOADER = "$(TEST_HOST)";
				CODE_SIGN_STYLE = Automatic;
				CURRENT_PROJECT_VERSION = 1;
				GENERATE_INFOPLIST_FILE = YES;
				IPHONEOS_DEPLOYMENT_TARGET = 16.2;
				MARKETING_VERSION = 1.0;
				PRODUCT_BUNDLE_IDENTIFIER = com.Sample.HeartRateTests;
				PRODUCT_NAME = "$(TARGET_NAME)";
				SWIFT_EMIT_LOC_STRINGS = NO;
				SWIFT_VERSION = 5.0;
				TARGETED_DEVICE_FAMILY = "1,2";
				TEST_HOST = "$(BUILT_PRODUCTS_DIR)/HeartRate.app/$(BUNDLE_EXECUTABLE_FOLDER_PATH)/HeartRate";
			};
			name = Release;
		};
		000DDC722980E4C900135F8C /* Debug */ = {
			isa = XCBuildConfiguration;
			buildSettings = {
				ALWAYS_EMBED_SWIFT_STANDARD_LIBRARIES = YES;
				CODE_SIGN_STYLE = Automatic;
				CURRENT_PROJECT_VERSION = 1;
				GENERATE_INFOPLIST_FILE = YES;
				MARKETING_VERSION = 1.0;
				PRODUCT_BUNDLE_IDENTIFIER = com.Sample.HeartRateUITests;
				PRODUCT_NAME = "$(TARGET_NAME)";
				SWIFT_EMIT_LOC_STRINGS = NO;
				SWIFT_VERSION = 5.0;
				TARGETED_DEVICE_FAMILY = "1,2";
				TEST_TARGET_NAME = HeartRate;
			};
			name = Debug;
		};
		000DDC732980E4C900135F8C /* Release */ = {
			isa = XCBuildConfiguration;
			buildSettings = {
				ALWAYS_EMBED_SWIFT_STANDARD_LIBRARIES = YES;
				CODE_SIGN_STYLE = Automatic;
				CURRENT_PROJECT_VERSION = 1;
				GENERATE_INFOPLIST_FILE = YES;
				MARKETING_VERSION = 1.0;
				PRODUCT_BUNDLE_IDENTIFIER = com.Sample.HeartRateUITests;
				PRODUCT_NAME = "$(TARGET_NAME)";
				SWIFT_EMIT_LOC_STRINGS = NO;
				SWIFT_VERSION = 5.0;
				TARGETED_DEVICE_FAMILY = "1,2";
				TEST_TARGET_NAME = HeartRate;
			};
			name = Release;
		};
/* End XCBuildConfiguration section */

/* Begin XCConfigurationList section */
		000DDC3C2980E4C800135F8C /* Build configuration list for PBXProject "HeartRate" */ = {
			isa = XCConfigurationList;
			buildConfigurations = (
				000DDC692980E4C900135F8C /* Debug */,
				000DDC6A2980E4C900135F8C /* Release */,
			);
			defaultConfigurationIsVisible = 0;
			defaultConfigurationName = Release;
		};
		000DDC6B2980E4C900135F8C /* Build configuration list for PBXNativeTarget "HeartRate" */ = {
			isa = XCConfigurationList;
			buildConfigurations = (
				000DDC6C2980E4C900135F8C /* Debug */,
				000DDC6D2980E4C900135F8C /* Release */,
			);
			defaultConfigurationIsVisible = 0;
			defaultConfigurationName = Release;
		};
		000DDC6E2980E4C900135F8C /* Build configuration list for PBXNativeTarget "HeartRateTests" */ = {
			isa = XCConfigurationList;
			buildConfigurations = (
				000DDC6F2980E4C900135F8C /* Debug */,
				000DDC702980E4C900135F8C /* Release */,
			);
			defaultConfigurationIsVisible = 0;
			defaultConfigurationName = Release;
		};
		000DDC712980E4C900135F8C /* Build configuration list for PBXNativeTarget "HeartRateUITests" */ = {
			isa = XCConfigurationList;
			buildConfigurations = (
				000DDC722980E4C900135F8C /* Debug */,
				000DDC732980E4C900135F8C /* Release */,
			);
			defaultConfigurationIsVisible = 0;
			defaultConfigurationName = Release;
		};
/* End XCConfigurationList section */
	};
	rootObject = 000DDC392980E4C800135F8C /* Project object */;
}
